
Microsoft Visual Studio Solution File, Format Version 12.00
# Visual Studio Version 17
VisualStudioVersion = 17.14.36301.6 d17.14
MinimumVisualStudioVersion = 10.0.40219.1
Project("{FAE04EC0-301F-11D3-BF4B-00C04F79EFBC}") = "ieHRMS.Core", "ieHRMS.Core\ieHRMS.Core.csproj", "{FF283080-AC5A-4B7C-8213-D9B9BF86157E}"
EndProject
Project("{FAE04EC0-301F-11D3-BF4B-00C04F79EFBC}") = "ieHRMS.Models", "ieHRMS.Models\ieHRMS.Models.csproj", "{FDDAE5B4-4476-4FF3-B053-D3BE361EBCE7}"
EndProject
Project("{FAE04EC0-301F-11D3-BF4B-00C04F79EFBC}") = "ieHRMS.API", "ieHRMS.API\ieHRMS.API.csproj", "{B5F29619-CEDB-4A4D-A7D0-B5890F6DDB6F}"
EndProject
Project("{FAE04EC0-301F-11D3-BF4B-00C04F79EFBC}") = "ieHRMS.UI", "ieHRMS.UI\ieHRMS.UI.csproj", "{8D35D465-1328-4D9B-ADBC-7D4A3B526AEC}"
EndProject
Project("{FAE04EC0-301F-11D3-BF4B-00C04F79EFBC}") = "ieRecruitment.UI", "ieRecruitment.UI\ieRecruitment.UI.csproj", "{4492D7D2-49BE-41B1-BE6F-D73FFEDDDE1A}"
EndProject
Global
	GlobalSection(SolutionConfigurationPlatforms) = preSolution
		Debug|Any CPU = Debug|Any CPU
		Release|Any CPU = Release|Any CPU
	EndGlobalSection
	GlobalSection(ProjectConfigurationPlatforms) = postSolution
		{FF283080-AC5A-4B7C-8213-D9B9BF86157E}.Debug|Any CPU.ActiveCfg = Debug|Any CPU
		{FF283080-AC5A-4B7C-8213-D9B9BF86157E}.Debug|Any CPU.Build.0 = Debug|Any CPU
		{FF283080-AC5A-4B7C-8213-D9B9BF86157E}.Release|Any CPU.ActiveCfg = Release|Any CPU
		{FF283080-AC5A-4B7C-8213-D9B9BF86157E}.Release|Any CPU.Build.0 = Release|Any CPU
		{FDDAE5B4-4476-4FF3-B053-D3BE361EBCE7}.Debug|Any CPU.ActiveCfg = Debug|Any CPU
		{FDDAE5B4-4476-4FF3-B053-D3BE361EBCE7}.Debug|Any CPU.Build.0 = Debug|Any CPU
		{FDDAE5B4-4476-4FF3-B053-D3BE361EBCE7}.Release|Any CPU.ActiveCfg = Release|Any CPU
		{FDDAE5B4-4476-4FF3-B053-D3BE361EBCE7}.Release|Any CPU.Build.0 = Release|Any CPU
		{B5F29619-CEDB-4A4D-A7D0-B5890F6DDB6F}.Debug|Any CPU.ActiveCfg = Debug|Any CPU
		{B5F29619-CEDB-4A4D-A7D0-B5890F6DDB6F}.Debug|Any CPU.Build.0 = Debug|Any CPU
		{B5F29619-CEDB-4A4D-A7D0-B5890F6DDB6F}.Release|Any CPU.ActiveCfg = Release|Any CPU
		{B5F29619-CEDB-4A4D-A7D0-B5890F6DDB6F}.Release|Any CPU.Build.0 = Release|Any CPU
		{8D35D465-1328-4D9B-ADBC-7D4A3B526AEC}.Debug|Any CPU.ActiveCfg = Debug|Any CPU
		{8D35D465-1328-4D9B-ADBC-7D4A3B526AEC}.Debug|Any CPU.Build.0 = Debug|Any CPU
		{8D35D465-1328-4D9B-ADBC-7D4A3B526AEC}.Release|Any CPU.ActiveCfg = Release|Any CPU
		{8D35D465-1328-4D9B-ADBC-7D4A3B526AEC}.Release|Any CPU.Build.0 = Release|Any CPU
		{4492D7D2-49BE-41B1-BE6F-D73FFEDDDE1A}.Debug|Any CPU.ActiveCfg = Debug|Any CPU
		{4492D7D2-49BE-41B1-BE6F-D73FFEDDDE1A}.Debug|Any CPU.Build.0 = Debug|Any CPU
		{4492D7D2-49BE-41B1-BE6F-D73FFEDDDE1A}.Release|Any CPU.ActiveCfg = Release|Any CPU
		{4492D7D2-49BE-41B1-BE6F-D73FFEDDDE1A}.Release|Any CPU.Build.0 = Release|Any CPU
	EndGlobalSection
	GlobalSection(SolutionProperties) = preSolution
		HideSolutionNode = FALSE
	EndGlobalSection
	GlobalSection(ExtensibilityGlobals) = postSolution
		SolutionGuid = {4527AC5B-D8F7-41E9-9FC2-E9F6F5427699}
	EndGlobalSection
EndGlobal
